# This file was autogenerated by Stack.
# You should not edit this file by hand.
# For more information, please see the documentation at:
#   https://docs.haskellstack.org/en/stable/lock_files

packages: []
snapshots:
- completed:
    size: 285826
    url: https://raw.githubusercontent.com/commercialhaskell/stackage-snapshots/master/lts/3/20.yaml
    sha256: 9a7ff9a20f50a840478e89dcc2e846c9e1362dc7a3d4ee5f72bfe53e6b8d9720
  original: lts-3.20
