# This file was autogenerated by Stack.
# You should not edit this file by hand.
# For more information, please see the documentation at:
#   https://docs.haskellstack.org/en/stable/lock_files

packages: []
snapshots:
- completed:
    size: 285606
    url: https://raw.githubusercontent.com/commercialhaskell/stackage-snapshots/master/lts/3/18.yaml
    sha256: afa08a00fbac453fc019299609334eb2c6a0acc68fe73a1d56f39f712e517b52
  original: lts-3.18
